
Microsoft Visual Studio Solution File, Format Version 12.00
# Visual Studio Version 16
VisualStudioVersion = 16.0.31205.134
MinimumVisualStudioVersion = 10.0.40219.1
Project("{FAE04EC0-301F-11D3-BF4B-00C04F79EFBC}") = "Sphinx", "Sphinx\Sphinx.csproj", "{C9D67578-D03A-4F22-9C13-50B8DDC65E44}"
EndProject
Global
	GlobalSection(SolutionConfigurationPlatforms) = preSolution
		Debug|Any CPU = Debug|Any CPU
		Release|Any CPU = Release|Any CPU
	EndGlobalSection
	GlobalSection(ProjectConfigurationPlatforms) = postSolution
		{C9D67578-D03A-4F22-9C13-50B8DDC65E44}.Debug|Any CPU.ActiveCfg = Debug|Any CPU
		{C9D67578-D03A-4F22-9C13-50B8DDC65E44}.Debug|Any CPU.Build.0 = Debug|Any CPU
		{C9D67578-D03A-4F22-9C13-50B8DDC65E44}.Release|Any CPU.ActiveCfg = Release|Any CPU
		{C9D67578-D03A-4F22-9C13-50B8DDC65E44}.Release|Any CPU.Build.0 = Release|Any CPU
	EndGlobalSection
	GlobalSection(SolutionProperties) = preSolution
		HideSolutionNode = FALSE
	EndGlobalSection
	GlobalSection(ExtensibilityGlobals) = postSolution
		SolutionGuid = {132E0504-F2CC-4255-90C2-5E93DAD7465D}
	EndGlobalSection
EndGlobal
